
Microsoft Visual Studio Solution File, Format Version 12.00
# Visual Studio Version 17
VisualStudioVersion = 17.1.32210.238
MinimumVisualStudioVersion = 10.0.40219.1
Project("{FAE04EC0-301F-11D3-BF4B-00C04F79EFBC}") = "ConceptsPoo", "ConceptsPoo\ConceptsPoo.csproj", "{76060317-174C-4322-86EE-4D9D332CFA95}"
EndProject
Global
	GlobalSection(SolutionConfigurationPlatforms) = preSolution
		Debug|Any CPU = Debug|Any CPU
		Release|Any CPU = Release|Any CPU
	EndGlobalSection
	GlobalSection(ProjectConfigurationPlatforms) = postSolution
		{76060317-174C-4322-86EE-4D9D332CFA95}.Debug|Any CPU.ActiveCfg = Debug|Any CPU
		{76060317-174C-4322-86EE-4D9D332CFA95}.Debug|Any CPU.Build.0 = Debug|Any CPU
		{76060317-174C-4322-86EE-4D9D332CFA95}.Release|Any CPU.ActiveCfg = Release|Any CPU
		{76060317-174C-4322-86EE-4D9D332CFA95}.Release|Any CPU.Build.0 = Release|Any CPU
	EndGlobalSection
	GlobalSection(SolutionProperties) = preSolution
		HideSolutionNode = FALSE
	EndGlobalSection
	GlobalSection(ExtensibilityGlobals) = postSolution
		SolutionGuid = {97108A44-8757-4874-AECF-880C22B831AB}
	EndGlobalSection
EndGlobal
